
Microsoft Visual Studio Solution File, Format Version 12.00
# Visual Studio Version 16
VisualStudioVersion = 16.0.32002.261
MinimumVisualStudioVersion = 10.0.40219.1
Project("{FAE04EC0-301F-11D3-BF4B-00C04F79EFBC}") = "PersonalPortal", "PersonalPortal.csproj", "{30614D89-E0F1-4172-9034-F314ABCFB711}"
EndProject
Project("{FAE04EC0-301F-11D3-BF4B-00C04F79EFBC}") = "DBRepository", "..\DBRepository\DBRepository.csproj", "{FDD3A4D9-B525-4B50-8F4A-2EEE247737C6}"
EndProject
Project("{FAE04EC0-301F-11D3-BF4B-00C04F79EFBC}") = "Models", "..\Models\Models.csproj", "{2B587292-4B7E-45C0-BAFC-0455D3F42BC7}"
EndProject
Global
	GlobalSection(SolutionConfigurationPlatforms) = preSolution
		Debug|Any CPU = Debug|Any CPU
		Release|Any CPU = Release|Any CPU
	EndGlobalSection
	GlobalSection(ProjectConfigurationPlatforms) = postSolution
		{30614D89-E0F1-4172-9034-F314ABCFB711}.Debug|Any CPU.ActiveCfg = Debug|Any CPU
		{30614D89-E0F1-4172-9034-F314ABCFB711}.Debug|Any CPU.Build.0 = Debug|Any CPU
		{30614D89-E0F1-4172-9034-F314ABCFB711}.Release|Any CPU.ActiveCfg = Release|Any CPU
		{30614D89-E0F1-4172-9034-F314ABCFB711}.Release|Any CPU.Build.0 = Release|Any CPU
		{FDD3A4D9-B525-4B50-8F4A-2EEE247737C6}.Debug|Any CPU.ActiveCfg = Debug|Any CPU
		{FDD3A4D9-B525-4B50-8F4A-2EEE247737C6}.Debug|Any CPU.Build.0 = Debug|Any CPU
		{FDD3A4D9-B525-4B50-8F4A-2EEE247737C6}.Release|Any CPU.ActiveCfg = Release|Any CPU
		{FDD3A4D9-B525-4B50-8F4A-2EEE247737C6}.Release|Any CPU.Build.0 = Release|Any CPU
		{2B587292-4B7E-45C0-BAFC-0455D3F42BC7}.Debug|Any CPU.ActiveCfg = Debug|Any CPU
		{2B587292-4B7E-45C0-BAFC-0455D3F42BC7}.Debug|Any CPU.Build.0 = Debug|Any CPU
		{2B587292-4B7E-45C0-BAFC-0455D3F42BC7}.Release|Any CPU.ActiveCfg = Release|Any CPU
		{2B587292-4B7E-45C0-BAFC-0455D3F42BC7}.Release|Any CPU.Build.0 = Release|Any CPU
	EndGlobalSection
	GlobalSection(SolutionProperties) = preSolution
		HideSolutionNode = FALSE
	EndGlobalSection
	GlobalSection(ExtensibilityGlobals) = postSolution
		SolutionGuid = {6BA85EE1-9860-4677-B4BC-9741A7B3B480}
	EndGlobalSection
EndGlobal
